
Microsoft Visual Studio Solution File, Format Version 12.00
# Visual Studio Version 16
VisualStudioVersion = 16.0.31424.327
MinimumVisualStudioVersion = 10.0.40219.1
Project("{FAE04EC0-301F-11D3-BF4B-00C04F79EFBC}") = "MVCEF18735", "MVCEF18735\MVCEF18735.csproj", "{0EBFDFF0-ACA2-45C1-9C13-7D32B4526B59}"
EndProject
Project("{FAE04EC0-301F-11D3-BF4B-00C04F79EFBC}") = "CapaControlador18735", "CapaControlador18735\CapaControlador18735.csproj", "{1D8C960A-A8F3-46B8-A587-CAD61D4BB94E}"
EndProject
Project("{FAE04EC0-301F-11D3-BF4B-00C04F79EFBC}") = "CapaModelo18735", "CapaModelo18735\CapaModelo18735.csproj", "{390327DC-2EFF-4998-B446-738F151B8BFD}"
EndProject
Global
	GlobalSection(SolutionConfigurationPlatforms) = preSolution
		Debug|Any CPU = Debug|Any CPU
		Release|Any CPU = Release|Any CPU
	EndGlobalSection
	GlobalSection(ProjectConfigurationPlatforms) = postSolution
		{0EBFDFF0-ACA2-45C1-9C13-7D32B4526B59}.Debug|Any CPU.ActiveCfg = Debug|Any CPU
		{0EBFDFF0-ACA2-45C1-9C13-7D32B4526B59}.Debug|Any CPU.Build.0 = Debug|Any CPU
		{0EBFDFF0-ACA2-45C1-9C13-7D32B4526B59}.Release|Any CPU.ActiveCfg = Release|Any CPU
		{0EBFDFF0-ACA2-45C1-9C13-7D32B4526B59}.Release|Any CPU.Build.0 = Release|Any CPU
		{1D8C960A-A8F3-46B8-A587-CAD61D4BB94E}.Debug|Any CPU.ActiveCfg = Debug|Any CPU
		{1D8C960A-A8F3-46B8-A587-CAD61D4BB94E}.Debug|Any CPU.Build.0 = Debug|Any CPU
		{1D8C960A-A8F3-46B8-A587-CAD61D4BB94E}.Release|Any CPU.ActiveCfg = Release|Any CPU
		{1D8C960A-A8F3-46B8-A587-CAD61D4BB94E}.Release|Any CPU.Build.0 = Release|Any CPU
		{390327DC-2EFF-4998-B446-738F151B8BFD}.Debug|Any CPU.ActiveCfg = Debug|Any CPU
		{390327DC-2EFF-4998-B446-738F151B8BFD}.Debug|Any CPU.Build.0 = Debug|Any CPU
		{390327DC-2EFF-4998-B446-738F151B8BFD}.Release|Any CPU.ActiveCfg = Release|Any CPU
		{390327DC-2EFF-4998-B446-738F151B8BFD}.Release|Any CPU.Build.0 = Release|Any CPU
	EndGlobalSection
	GlobalSection(SolutionProperties) = preSolution
		HideSolutionNode = FALSE
	EndGlobalSection
	GlobalSection(ExtensibilityGlobals) = postSolution
		SolutionGuid = {09933684-190A-4390-8965-31E7047FF021}
	EndGlobalSection
EndGlobal
